
Microsoft Visual Studio Solution File, Format Version 12.00
# Visual Studio Version 17
VisualStudioVersion = 17.14.36603.0
MinimumVisualStudioVersion = 10.0.40219.1
Project("{FAE04EC0-301F-11D3-BF4B-00C04F79EFBC}") = "HospiSafe_WPF", "HospiSafe_WPF\HospiSafe_WPF.csproj", "{56457CD1-37BA-4E55-9877-ED23207DDD44}"
EndProject
Global
	GlobalSection(SolutionConfigurationPlatforms) = preSolution
		Debug|Any CPU = Debug|Any CPU
		Release|Any CPU = Release|Any CPU
	EndGlobalSection
	GlobalSection(ProjectConfigurationPlatforms) = postSolution
		{56457CD1-37BA-4E55-9877-ED23207DDD44}.Debug|Any CPU.ActiveCfg = Debug|Any CPU
		{56457CD1-37BA-4E55-9877-ED23207DDD44}.Debug|Any CPU.Build.0 = Debug|Any CPU
		{56457CD1-37BA-4E55-9877-ED23207DDD44}.Release|Any CPU.ActiveCfg = Release|Any CPU
		{56457CD1-37BA-4E55-9877-ED23207DDD44}.Release|Any CPU.Build.0 = Release|Any CPU
	EndGlobalSection
	GlobalSection(SolutionProperties) = preSolution
		HideSolutionNode = FALSE
	EndGlobalSection
	GlobalSection(ExtensibilityGlobals) = postSolution
		SolutionGuid = {0564B6CE-AA32-40C8-BC98-1F769D3A46F0}
	EndGlobalSection
EndGlobal
