
Microsoft Visual Studio Solution File, Format Version 12.00
# Visual Studio Version 17
VisualStudioVersion = 17.14.36603.0 d17.14
MinimumVisualStudioVersion = 10.0.40219.1
Project("{FAE04EC0-301F-11D3-BF4B-00C04F79EFBC}") = "HospiSafe_Consola", "HospiSafe_Consola\HospiSafe_Consola.csproj", "{CF9C1C7B-8910-436B-9A58-1FC553F57445}"
EndProject
Global
	GlobalSection(SolutionConfigurationPlatforms) = preSolution
		Debug|Any CPU = Debug|Any CPU
		Release|Any CPU = Release|Any CPU
	EndGlobalSection
	GlobalSection(ProjectConfigurationPlatforms) = postSolution
		{CF9C1C7B-8910-436B-9A58-1FC553F57445}.Debug|Any CPU.ActiveCfg = Debug|Any CPU
		{CF9C1C7B-8910-436B-9A58-1FC553F57445}.Debug|Any CPU.Build.0 = Debug|Any CPU
		{CF9C1C7B-8910-436B-9A58-1FC553F57445}.Release|Any CPU.ActiveCfg = Release|Any CPU
		{CF9C1C7B-8910-436B-9A58-1FC553F57445}.Release|Any CPU.Build.0 = Release|Any CPU
	EndGlobalSection
	GlobalSection(SolutionProperties) = preSolution
		HideSolutionNode = FALSE
	EndGlobalSection
	GlobalSection(ExtensibilityGlobals) = postSolution
		SolutionGuid = {EE6BD6E4-F07F-4C16-91B7-5DF2E5D5D113}
	EndGlobalSection
EndGlobal
